
Microsoft Visual Studio Solution File, Format Version 12.00
# Visual Studio 2012
Project("{FAE04EC0-301F-11D3-BF4B-00C04F79EFBC}") = "KendoMVC", "KendoMVC\KendoMVC.csproj", "{B21B1B9B-22A4-4A98-A123-C3D2E03121EC}"
EndProject
Global
	GlobalSection(SolutionConfigurationPlatforms) = preSolution
		Debug|Any CPU = Debug|Any CPU
		Release|Any CPU = Release|Any CPU
	EndGlobalSection
	GlobalSection(ProjectConfigurationPlatforms) = postSolution
		{B21B1B9B-22A4-4A98-A123-C3D2E03121EC}.Debug|Any CPU.ActiveCfg = Debug|Any CPU
		{B21B1B9B-22A4-4A98-A123-C3D2E03121EC}.Debug|Any CPU.Build.0 = Debug|Any CPU
		{B21B1B9B-22A4-4A98-A123-C3D2E03121EC}.Release|Any CPU.ActiveCfg = Release|Any CPU
		{B21B1B9B-22A4-4A98-A123-C3D2E03121EC}.Release|Any CPU.Build.0 = Release|Any CPU
	EndGlobalSection
	GlobalSection(SolutionProperties) = preSolution
		HideSolutionNode = FALSE
	EndGlobalSection
EndGlobal
