{
  "requires": true,
  "lockfileVersion": 1,
  "dependencies": {
    "node": {
      "version": "8.10.0",
      "resolved": "https://registry.npmjs.org/node/-/node-8.10.0.tgz",
      "integrity": "sha512-SZQy6Z1cgvq5W8kpqSQw6uSzSdwKCMdo5q3ONtcEi8mjIaBujdiyG1l4EAEp1zmQ8qM6TTk/x2AYf9MtyigXWg==",
      "requires": {
        "node-bin-setup": "^1.0.0"
      }
    },
    "node-bin-setup": {
      "version": "1.0.6",
      "resolved": "https://registry.npmjs.org/node-bin-setup/-/node-bin-setup-1.0.6.tgz",
      "integrity": "sha512-uPIxXNis1CRbv1DwqAxkgBk5NFV3s7cMN/Gf556jSw6jBvV7ca4F9lRL/8cALcZecRibeqU+5dFYqFFmzv5a0Q=="
    }
  }
}
